
Microsoft Visual Studio Solution File, Format Version 12.00
# Visual Studio Version 16
VisualStudioVersion = 16.0.31019.35
MinimumVisualStudioVersion = 10.0.40219.1
Project("{FAE04EC0-301F-11D3-BF4B-00C04F79EFBC}") = "Ntron", "Ntron\Ntron.csproj", "{E7BC7C8A-E941-42A6-A75A-3E7971FAB827}"
EndProject
Global
	GlobalSection(SolutionConfigurationPlatforms) = preSolution
		Debug|Any CPU = Debug|Any CPU
		Release|Any CPU = Release|Any CPU
	EndGlobalSection
	GlobalSection(ProjectConfigurationPlatforms) = postSolution
		{E7BC7C8A-E941-42A6-A75A-3E7971FAB827}.Debug|Any CPU.ActiveCfg = Debug|Any CPU
		{E7BC7C8A-E941-42A6-A75A-3E7971FAB827}.Debug|Any CPU.Build.0 = Debug|Any CPU
		{E7BC7C8A-E941-42A6-A75A-3E7971FAB827}.Release|Any CPU.ActiveCfg = Release|Any CPU
		{E7BC7C8A-E941-42A6-A75A-3E7971FAB827}.Release|Any CPU.Build.0 = Release|Any CPU
	EndGlobalSection
	GlobalSection(SolutionProperties) = preSolution
		HideSolutionNode = FALSE
	EndGlobalSection
	GlobalSection(ExtensibilityGlobals) = postSolution
		SolutionGuid = {B2F7D362-CD8E-453F-86FB-50F96B209C9F}
	EndGlobalSection
EndGlobal
